
Microsoft Visual Studio Solution File, Format Version 12.00
# Visual Studio Version 17
VisualStudioVersion = 17.8.34330.188
MinimumVisualStudioVersion = 10.0.40219.1
Project("{9A19103F-16F7-4668-BE54-9A1E7A4F7556}") = "AzureCICD", "AzureCICD\AzureCICD.csproj", "{95AFA23A-8D0B-44BB-B10A-9998BD234C89}"
	ProjectSection(ProjectDependencies) = postProject
		{2C8245D1-279F-4A57-AC40-208F3C9172D2} = {2C8245D1-279F-4A57-AC40-208F3C9172D2}
	EndProjectSection
EndProject
Project("{9A19103F-16F7-4668-BE54-9A1E7A4F7556}") = "Core", "Core\Core.csproj", "{2C8245D1-279F-4A57-AC40-208F3C9172D2}"
	ProjectSection(ProjectDependencies) = postProject
		{15183B88-C596-4A09-BD91-224F45244CF7} = {15183B88-C596-4A09-BD91-224F45244CF7}
	EndProjectSection
EndProject
Project("{9A19103F-16F7-4668-BE54-9A1E7A4F7556}") = "Infrastructure", "Infrastructure\Infrastructure.csproj", "{15183B88-C596-4A09-BD91-224F45244CF7}"
EndProject
Global
	GlobalSection(SolutionConfigurationPlatforms) = preSolution
		Debug|Any CPU = Debug|Any CPU
		Release|Any CPU = Release|Any CPU
	EndGlobalSection
	GlobalSection(ProjectConfigurationPlatforms) = postSolution
		{95AFA23A-8D0B-44BB-B10A-9998BD234C89}.Debug|Any CPU.ActiveCfg = Debug|Any CPU
		{95AFA23A-8D0B-44BB-B10A-9998BD234C89}.Debug|Any CPU.Build.0 = Debug|Any CPU
		{95AFA23A-8D0B-44BB-B10A-9998BD234C89}.Release|Any CPU.ActiveCfg = Release|Any CPU
		{95AFA23A-8D0B-44BB-B10A-9998BD234C89}.Release|Any CPU.Build.0 = Release|Any CPU
		{2C8245D1-279F-4A57-AC40-208F3C9172D2}.Debug|Any CPU.ActiveCfg = Debug|Any CPU
		{2C8245D1-279F-4A57-AC40-208F3C9172D2}.Debug|Any CPU.Build.0 = Debug|Any CPU
		{2C8245D1-279F-4A57-AC40-208F3C9172D2}.Release|Any CPU.ActiveCfg = Release|Any CPU
		{2C8245D1-279F-4A57-AC40-208F3C9172D2}.Release|Any CPU.Build.0 = Release|Any CPU
		{15183B88-C596-4A09-BD91-224F45244CF7}.Debug|Any CPU.ActiveCfg = Debug|Any CPU
		{15183B88-C596-4A09-BD91-224F45244CF7}.Debug|Any CPU.Build.0 = Debug|Any CPU
		{15183B88-C596-4A09-BD91-224F45244CF7}.Release|Any CPU.ActiveCfg = Release|Any CPU
		{15183B88-C596-4A09-BD91-224F45244CF7}.Release|Any CPU.Build.0 = Release|Any CPU
	EndGlobalSection
	GlobalSection(SolutionProperties) = preSolution
		HideSolutionNode = FALSE
	EndGlobalSection
	GlobalSection(ExtensibilityGlobals) = postSolution
		SolutionGuid = {9247210C-9D7F-421F-9057-0C463B35DC6C}
	EndGlobalSection
EndGlobal
